{
  "version": "4",
  "specifiers": {
    "jsr:@deno-kit/kit@0": "0.0.17",
    "jsr:@deno-kit/module-to-cli@0": "0.1.0",
    "jsr:@std/assert@1": "1.0.13",
    "jsr:@std/assert@^1.0.12": "1.0.13",
    "jsr:@std/async@^1.0.12": "1.0.12",
    "jsr:@std/cli@1": "1.0.17",
    "jsr:@std/data-structures@^1.0.6": "1.0.7",
    "jsr:@std/dotenv@0": "0.225.3",
    "jsr:@std/fmt@1": "1.0.7",
    "jsr:@std/fs@1": "1.0.17",
    "jsr:@std/fs@^1.0.16": "1.0.17",
    "jsr:@std/internal@^1.0.6": "1.0.6",
    "jsr:@std/json@^1.0.2": "1.0.2",
    "jsr:@std/jsonc@1": "1.0.2",
    "jsr:@std/net@1": "1.0.4",
    "jsr:@std/path@1": "1.0.9",
    "jsr:@std/path@^1.0.8": "1.0.9",
    "jsr:@std/path@^1.0.9": "1.0.9",
    "jsr:@std/testing@1": "1.0.11",
    "npm:@opentelemetry/api-logs@0": "0.200.0",
    "npm:@opentelemetry/api@1": "1.9.0",
    "npm:@opentelemetry/resources@1": "1.30.1_@opentelemetry+api@1.9.0",
    "npm:@opentelemetry/sdk-logs@0": "0.200.0_@opentelemetry+api@1.9.0",
    "npm:@opentelemetry/sdk-trace-base@1": "1.30.1_@opentelemetry+api@1.9.0",
    "npm:@opentelemetry/semantic-conventions@1": "1.32.0",
    "npm:comment-parser@0": "0.7.6",
    "npm:ts-morph@1": "1.3.5"
  },
  "jsr": {
    "@deno-kit/kit@0.0.17": {
      "integrity": "0dd77380bfa03724485afcc3fb8d26c84c485da2b239b2b50c5961e16e765bc8",
      "dependencies": [
        "jsr:@std/cli",
        "jsr:@std/dotenv",
        "jsr:@std/fmt",
        "jsr:@std/fs@1",
        "jsr:@std/path@1"
      ]
    },
    "@deno-kit/module-to-cli@0.1.0": {
      "integrity": "6592d195061b183636b38f03da0de9057d7871bb6c04cf5916e707dc0926f24b",
      "dependencies": [
        "jsr:@std/cli",
        "jsr:@std/fmt",
        "jsr:@std/jsonc",
        "jsr:@std/path@1",
        "npm:comment-parser",
        "npm:ts-morph"
      ]
    },
    "@std/assert@1.0.13": {
      "integrity": "ae0d31e41919b12c656c742b22522c32fb26ed0cba32975cb0de2a273cb68b29",
      "dependencies": [
        "jsr:@std/internal"
      ]
    },
    "@std/async@1.0.12": {
      "integrity": "d1bfcec459e8012846fe4e38dfc4241ab23240ecda3d8d6dfcf6d81a632e803d"
    },
    "@std/cli@1.0.17": {
      "integrity": "e15b9abe629e17be90cc6216327f03a29eae613365f1353837fa749aad29ce7b"
    },
    "@std/data-structures@1.0.7": {
      "integrity": "16932d2c8d281f65eaaa2209af2473209881e33b1ced54cd1b015e7b4cdbb0d2"
    },
    "@std/dotenv@0.225.3": {
      "integrity": "a95e5b812c27b0854c52acbae215856d9cce9d4bbf774d938c51d212711e8d4a"
    },
    "@std/fmt@1.0.7": {
      "integrity": "2a727c043d8df62cd0b819b3fb709b64dd622e42c3b1bb817ea7e6cc606360fb"
    },
    "@std/fs@1.0.17": {
      "integrity": "1c00c632677c1158988ef7a004cb16137f870aafdb8163b9dce86ec652f3952b",
      "dependencies": [
        "jsr:@std/path@^1.0.9"
      ]
    },
    "@std/internal@1.0.6": {
      "integrity": "9533b128f230f73bd209408bb07a4b12f8d4255ab2a4d22a1fd6d87304aca9a4"
    },
    "@std/json@1.0.2": {
      "integrity": "d9e5497801c15fb679f55a2c01c7794ad7a5dfda4dd1bebab5e409cb5e0d34d4"
    },
    "@std/jsonc@1.0.2": {
      "integrity": "909605dae3af22bd75b1cbda8d64a32cf1fd2cf6efa3f9e224aba6d22c0f44c7",
      "dependencies": [
        "jsr:@std/json"
      ]
    },
    "@std/net@1.0.4": {
      "integrity": "2f403b455ebbccf83d8a027d29c5a9e3a2452fea39bb2da7f2c04af09c8bc852"
    },
    "@std/path@1.0.9": {
      "integrity": "260a49f11edd3db93dd38350bf9cd1b4d1366afa98e81b86167b4e3dd750129e"
    },
    "@std/testing@1.0.11": {
      "integrity": "12b3db12d34f0f385a26248933bde766c0f8c5ad8b6ab34d4d38f528ab852f48",
      "dependencies": [
        "jsr:@std/assert@^1.0.12",
        "jsr:@std/async",
        "jsr:@std/data-structures",
        "jsr:@std/fs@^1.0.16",
        "jsr:@std/internal",
        "jsr:@std/path@^1.0.8"
      ]
    }
  },
  "npm": {
    "@dsherret/to-absolute-glob@2.0.2": {
      "integrity": "sha512-InCaQ/KEOcFtAFztn47wadritBLP2nT6m/ucbBnIgI5YwxuMzKKCHtqazR2+D1yR6y1ZTnPea9aLFEUrTttUSQ==",
      "dependencies": [
        "is-absolute",
        "is-negated-glob"
      ]
    },
    "@mrmlnc/readdir-enhanced@2.2.1": {
      "integrity": "sha512-bPHp6Ji8b41szTOcaP63VlnbbO5Ny6dwAATtY6JTjh5N2OLrb5Qk/Th5cRkRQhkWCt+EJsYrNB0MiL+Gpn6e3g==",
      "dependencies": [
        "call-me-maybe",
        "glob-to-regexp"
      ]
    },
    "@nodelib/fs.stat@1.1.3": {
      "integrity": "sha512-shAmDyaQC4H92APFoIaVDHCx5bStIocgvbwQyxPRrbUY20V1EYTbSDchWbuwlMG3V17cprZhA6+78JfB+3DTPw=="
    },
    "@opentelemetry/api-logs@0.200.0": {
      "integrity": "sha512-IKJBQxh91qJ+3ssRly5hYEJ8NDHu9oY/B1PXVSCWf7zytmYO9RNLB0Ox9XQ/fJ8m6gY6Q6NtBWlmXfaXt5Uc4Q==",
      "dependencies": [
        "@opentelemetry/api"
      ]
    },
    "@opentelemetry/api@1.9.0": {
      "integrity": "sha512-3giAOQvZiH5F9bMlMiv8+GSPMeqg0dbaeo58/0SlA9sxSqZhnUtxzX9/2FzyhS9sWQf5S0GJE0AKBrFqjpeYcg=="
    },
    "@opentelemetry/core@1.30.1_@opentelemetry+api@1.9.0": {
      "integrity": "sha512-OOCM2C/QIURhJMuKaekP3TRBxBKxG/TWWA0TL2J6nXUtDnuCtccy49LUJF8xPFXMX+0LMcxFpCo8M9cGY1W6rQ==",
      "dependencies": [
        "@opentelemetry/api",
        "@opentelemetry/semantic-conventions@1.28.0"
      ]
    },
    "@opentelemetry/core@2.0.0_@opentelemetry+api@1.9.0": {
      "integrity": "sha512-SLX36allrcnVaPYG3R78F/UZZsBsvbc7lMCLx37LyH5MJ1KAAZ2E3mW9OAD3zGz0G8q/BtoS5VUrjzDydhD6LQ==",
      "dependencies": [
        "@opentelemetry/api",
        "@opentelemetry/semantic-conventions@1.32.0"
      ]
    },
    "@opentelemetry/resources@1.30.1_@opentelemetry+api@1.9.0": {
      "integrity": "sha512-5UxZqiAgLYGFjS4s9qm5mBVo433u+dSPUFWVWXmLAD4wB65oMCoXaJP1KJa9DIYYMeHu3z4BZcStG3LC593cWA==",
      "dependencies": [
        "@opentelemetry/api",
        "@opentelemetry/core@1.30.1_@opentelemetry+api@1.9.0",
        "@opentelemetry/semantic-conventions@1.28.0"
      ]
    },
    "@opentelemetry/resources@2.0.0_@opentelemetry+api@1.9.0": {
      "integrity": "sha512-rnZr6dML2z4IARI4zPGQV4arDikF/9OXZQzrC01dLmn0CZxU5U5OLd/m1T7YkGRj5UitjeoCtg/zorlgMQcdTg==",
      "dependencies": [
        "@opentelemetry/api",
        "@opentelemetry/core@2.0.0_@opentelemetry+api@1.9.0",
        "@opentelemetry/semantic-conventions@1.32.0"
      ]
    },
    "@opentelemetry/sdk-logs@0.200.0_@opentelemetry+api@1.9.0": {
      "integrity": "sha512-VZG870063NLfObmQQNtCVcdXXLzI3vOjjrRENmU37HYiPFa0ZXpXVDsTD02Nh3AT3xYJzQaWKl2X2lQ2l7TWJA==",
      "dependencies": [
        "@opentelemetry/api",
        "@opentelemetry/api-logs",
        "@opentelemetry/core@2.0.0_@opentelemetry+api@1.9.0",
        "@opentelemetry/resources@2.0.0_@opentelemetry+api@1.9.0"
      ]
    },
    "@opentelemetry/sdk-trace-base@1.30.1_@opentelemetry+api@1.9.0": {
      "integrity": "sha512-jVPgBbH1gCy2Lb7X0AVQ8XAfgg0pJ4nvl8/IiQA6nxOsPvS+0zMJaFSs2ltXe0J6C8dqjcnpyqINDJmU30+uOg==",
      "dependencies": [
        "@opentelemetry/api",
        "@opentelemetry/core@1.30.1_@opentelemetry+api@1.9.0",
        "@opentelemetry/resources@1.30.1_@opentelemetry+api@1.9.0",
        "@opentelemetry/semantic-conventions@1.28.0"
      ]
    },
    "@opentelemetry/semantic-conventions@1.28.0": {
      "integrity": "sha512-lp4qAiMTD4sNWW4DbKLBkfiMZ4jbAboJIGOQr5DvciMRI494OapieI9qiODpOt0XBr1LjIDy1xAGAnVs5supTA=="
    },
    "@opentelemetry/semantic-conventions@1.32.0": {
      "integrity": "sha512-s0OpmpQFSfMrmedAn9Lhg4KWJELHCU6uU9dtIJ28N8UGhf9Y55im5X8fEzwhwDwiSqN+ZPSNrDJF7ivf/AuRPQ=="
    },
    "arr-diff@4.0.0": {
      "integrity": "sha512-YVIQ82gZPGBebQV/a8dar4AitzCQs0jjXwMPZllpXMaGjXPYVUawSxQrRsjhjupyVxEvbHgUmIhKVlND+j02kA=="
    },
    "arr-flatten@1.1.0": {
      "integrity": "sha512-L3hKV5R/p5o81R7O02IGnwpDmkp6E982XhtbuwSe3O4qOtMMMtodicASA1Cny2U+aCXcNpml+m4dPsvsJ3jatg=="
    },
    "arr-union@3.1.0": {
      "integrity": "sha512-sKpyeERZ02v1FeCZT8lrfJq5u6goHCtpTAzPwJYe7c8SPFOboNjNg1vz2L4VTn9T4PQxEx13TbXLmYUcS6Ug7Q=="
    },
    "array-differ@1.0.0": {
      "integrity": "sha512-LeZY+DZDRnvP7eMuQ6LHfCzUGxAAIViUBliK24P3hWXL6y4SortgR6Nim6xrkfSLlmH0+k+9NYNwVC2s53ZrYQ=="
    },
    "array-union@1.0.2": {
      "integrity": "sha512-Dxr6QJj/RdU/hCaBjOfxW+q6lyuVE6JFWIrAUpuOOhoJJoQ99cUn3igRaHVB5P9WrgFVN0FfArM3x0cueOU8ng==",
      "dependencies": [
        "array-uniq"
      ]
    },
    "array-uniq@1.0.3": {
      "integrity": "sha512-MNha4BWQ6JbwhFhj03YK552f7cb3AzoE8SzeljgChvL1dl3IcvggXVz1DilzySZkCja+CXuZbdW7yATchWn8/Q=="
    },
    "array-unique@0.3.2": {
      "integrity": "sha512-SleRWjh9JUud2wH1hPs9rZBZ33H6T9HOiL0uwGnGx9FpE6wKGyfWugmbkEOIs6qWrZhg0LWeLziLrEwQJhs5mQ=="
    },
    "arrify@1.0.1": {
      "integrity": "sha512-3CYzex9M9FGQjCGMGyi6/31c8GJbgb0qGyrx5HWxPd0aCwh4cB2YjMb2Xf9UuoogrMrlO9cTqnB5rI5GHZTcUA=="
    },
    "assign-symbols@1.0.0": {
      "integrity": "sha512-Q+JC7Whu8HhmTdBph/Tq59IoRtoy6KAm5zzPv00WdujX82lbAL8K7WVjne7vdCsAmbF4AYaDOPyO3k0kl8qIrw=="
    },
    "atob@2.1.2": {
      "integrity": "sha512-Wm6ukoaOGJi/73p/cl2GvLjTI5JM1k/O14isD73YML8StrH/7/lRFgmg8nICZgD3bZZvjwCGxtMOD3wWNAu8cg=="
    },
    "balanced-match@1.0.2": {
      "integrity": "sha512-3oSeUO0TMV67hN1AmbXsK4yaqU7tjiHlbxRDZOpH0KW9+CeX4bRAaX0Anxt0tx2MrpRpWwQaPwIlISEJhYU5Pw=="
    },
    "base@0.11.2": {
      "integrity": "sha512-5T6P4xPgpp0YDFvSWwEZ4NoE3aM4QBQXDzmVbraCkFj8zHM+mba8SyqB5DbZWyR7mYHo6Y7BdQo3MoA4m0TeQg==",
      "dependencies": [
        "cache-base",
        "class-utils",
        "component-emitter",
        "define-property@1.0.0",
        "isobject@3.0.1",
        "mixin-deep",
        "pascalcase"
      ]
    },
    "brace-expansion@1.1.11": {
      "integrity": "sha512-iCuPHDFgrHX7H2vEI/5xpz07zSHB00TpugqhmYtVmMO6518mCuRMoOYFldEBl0g187ufozdaHgWKcYFb61qGiA==",
      "dependencies": [
        "balanced-match",
        "concat-map"
      ]
    },
    "braces@2.3.2": {
      "integrity": "sha512-aNdbnj9P8PjdXU4ybaWLK2IF3jc/EoDYbC7AazW6to3TRsfXxscC9UXOB5iDiEQrkyIbWp2SLQda4+QAa7nc3w==",
      "dependencies": [
        "arr-flatten",
        "array-unique",
        "extend-shallow@2.0.1",
        "fill-range",
        "isobject@3.0.1",
        "repeat-element",
        "snapdragon",
        "snapdragon-node",
        "split-string",
        "to-regex"
      ]
    },
    "cache-base@1.0.1": {
      "integrity": "sha512-AKcdTnFSWATd5/GCPRxr2ChwIJ85CeyrEyjRHlKxQ56d4XJMGym0uAiKn0xbLOGOl3+yRpOTi484dVCEc5AUzQ==",
      "dependencies": [
        "collection-visit",
        "component-emitter",
        "get-value",
        "has-value@1.0.0",
        "isobject@3.0.1",
        "set-value",
        "to-object-path",
        "union-value",
        "unset-value"
      ]
    },
    "call-me-maybe@1.0.2": {
      "integrity": "sha512-HpX65o1Hnr9HH25ojC1YGs7HCQLq0GCOibSaWER0eNpgJ/Z1MZv2mTc7+xh6WOPxbRVcmgbv4hGU+uSQ/2xFZQ=="
    },
    "class-utils@0.3.6": {
      "integrity": "sha512-qOhPa/Fj7s6TY8H8esGu5QNpMMQxz79h+urzrNYN6mn+9BnxlDGf5QZ+XeCDsxSjPqsSR56XOZOJmpeurnLMeg==",
      "dependencies": [
        "arr-union",
        "define-property@0.2.5",
        "isobject@3.0.1",
        "static-extend"
      ]
    },
    "code-block-writer@7.2.2": {
      "integrity": "sha512-8SyXM1bWsMDCzvCoTdnDBhnnUbHntxcba4ApBIO3S3QX0M2Iq0xZCzs6SYdBOGaSUi4drysvrAK15JoXhlpsvQ=="
    },
    "collection-visit@1.0.0": {
      "integrity": "sha512-lNkKvzEeMBBjUGHZ+q6z9pSJla0KWAQPvtzhEV9+iGyQYG+pBpl7xKDhxoNSOZH2hhv0v5k0y2yAM4o4SjoSkw==",
      "dependencies": [
        "map-visit",
        "object-visit"
      ]
    },
    "comment-parser@0.7.6": {
      "integrity": "sha512-GKNxVA7/iuTnAqGADlTWX4tkhzxZKXp5fLJqKTlQLHkE65XDUKutZ3BHaJC5IGcper2tT3QRD1xr4o3jNpgXXg=="
    },
    "component-emitter@1.3.1": {
      "integrity": "sha512-T0+barUSQRTUQASh8bx02dl+DhF54GtIDY13Y3m9oWTklKbb3Wv974meRpeZ3lp1JpLVECWWNHC4vaG2XHXouQ=="
    },
    "concat-map@0.0.1": {
      "integrity": "sha512-/Srv4dswyQNBfohGpz9o6Yb3Gz3SrUDqBH5rTuhGR7ahtlbYKnVxw2bCFMRljaA7EXHaXZ8wsHdodFvbkhKmqg=="
    },
    "copy-descriptor@0.1.1": {
      "integrity": "sha512-XgZ0pFcakEUlbwQEVNg3+QAis1FyTL3Qel9FYy8pSkQqoG3PNoT0bOCQtOXcOkur21r2Eq2kI+IE+gsmAEVlYw=="
    },
    "debug@2.6.9": {
      "integrity": "sha512-bC7ElrdJaJnPbAP+1EotYvqZsb3ecl5wi6Bfi6BJTUcNowp6cvspg0jXznRTKDjm/E7AdgFBVeAPVMNcKGsHMA==",
      "dependencies": [
        "ms"
      ]
    },
    "decode-uri-component@0.2.2": {
      "integrity": "sha512-FqUYQ+8o158GyGTrMFJms9qh3CqTKvAqgqsTnkLI8sKu0028orqBhxNMFkFen0zGyg6epACD32pjVk58ngIErQ=="
    },
    "define-property@0.2.5": {
      "integrity": "sha512-Rr7ADjQZenceVOAKop6ALkkRAmH1A4Gx9hV/7ZujPUN2rkATqFO0JZLZInbAjpZYoJ1gUx8MRMQVkYemcbMSTA==",
      "dependencies": [
        "is-descriptor@0.1.7"
      ]
    },
    "define-property@1.0.0": {
      "integrity": "sha512-cZTYKFWspt9jZsMscWo8sc/5lbPC9Q0N5nBLgb+Yd915iL3udB1uFgS3B8YCx66UVHq018DAVFoee7x+gxggeA==",
      "dependencies": [
        "is-descriptor@1.0.3"
      ]
    },
    "define-property@2.0.2": {
      "integrity": "sha512-jwK2UV4cnPpbcG7+VRARKTZPUWowwXA8bzH5NP6ud0oeAxyYPuGZUAC7hMugpCdz4BeSZl2Dl9k66CHJ/46ZYQ==",
      "dependencies": [
        "is-descriptor@1.0.3",
        "isobject@3.0.1"
      ]
    },
    "dir-glob@2.0.0": {
      "integrity": "sha512-37qirFDz8cA5fimp9feo43fSuRo2gHwaIn6dXL8Ber1dGwUosDrGZeCCXq57WnIqE4aQ+u3eQZzsk1yOzhdwag==",
      "dependencies": [
        "arrify",
        "path-type"
      ]
    },
    "expand-brackets@2.1.4": {
      "integrity": "sha512-w/ozOKR9Obk3qoWeY/WDi6MFta9AoMR+zud60mdnbniMcBxRuFJyDt2LdX/14A1UABeqk+Uk+LDfUpvoGKppZA==",
      "dependencies": [
        "debug",
        "define-property@0.2.5",
        "extend-shallow@2.0.1",
        "posix-character-classes",
        "regex-not",
        "snapdragon",
        "to-regex"
      ]
    },
    "extend-shallow@2.0.1": {
      "integrity": "sha512-zCnTtlxNoAiDc3gqY2aYAWFx7XWWiasuF2K8Me5WbN8otHKTUKBwjPtNpRs/rbUZm7KxWAaNj7P1a/p52GbVug==",
      "dependencies": [
        "is-extendable@0.1.1"
      ]
    },
    "extend-shallow@3.0.2": {
      "integrity": "sha512-BwY5b5Ql4+qZoefgMj2NUmx+tehVTH/Kf4k1ZEtOHNFcm2wSxMRo992l6X3TIgni2eZVTZ85xMOjF31fwZAj6Q==",
      "dependencies": [
        "assign-symbols",
        "is-extendable@1.0.1"
      ]
    },
    "extglob@2.0.4": {
      "integrity": "sha512-Nmb6QXkELsuBr24CJSkilo6UHHgbekK5UiZgfE6UHD3Eb27YC6oD+bhcT+tJ6cl8dmsgdQxnWlcry8ksBIBLpw==",
      "dependencies": [
        "array-unique",
        "define-property@1.0.0",
        "expand-brackets",
        "extend-shallow@2.0.1",
        "fragment-cache",
        "regex-not",
        "snapdragon",
        "to-regex"
      ]
    },
    "fast-glob@2.2.7": {
      "integrity": "sha512-g1KuQwHOZAmOZMuBtHdxDtju+T2RT8jgCC9aANsbpdiDDTSnjgfuVsIBNKbUeJI3oKMRExcfNDtJl4OhbffMsw==",
      "dependencies": [
        "@mrmlnc/readdir-enhanced",
        "@nodelib/fs.stat",
        "glob-parent",
        "is-glob@4.0.3",
        "merge2",
        "micromatch"
      ]
    },
    "fill-range@4.0.0": {
      "integrity": "sha512-VcpLTWqWDiTerugjj8e3+esbg+skS3M9e54UuR3iCeIDMXCLTsAH8hTSzDQU/X6/6t3eYkOKoZSef2PlU6U1XQ==",
      "dependencies": [
        "extend-shallow@2.0.1",
        "is-number",
        "repeat-string",
        "to-regex-range"
      ]
    },
    "for-in@1.0.2": {
      "integrity": "sha512-7EwmXrOjyL+ChxMhmG5lnW9MPt1aIeZEwKhQzoBUdTV0N3zuwWDZYVJatDvZ2OyzPUvdIAZDsCetk3coyMfcnQ=="
    },
    "fragment-cache@0.2.1": {
      "integrity": "sha512-GMBAbW9antB8iZRHLoGw0b3HANt57diZYFO/HL1JGIC1MjKrdmhxvrJbupnVvpys0zsz7yBApXdQyfepKly2kA==",
      "dependencies": [
        "map-cache"
      ]
    },
    "fs-extra@7.0.1": {
      "integrity": "sha512-YJDaCJZEnBmcbw13fvdAM9AwNOJwOzrE4pqMqBq5nFiEqXUqHwlK4B+3pUw6JNvfSPtX05xFHtYy/1ni01eGCw==",
      "dependencies": [
        "graceful-fs",
        "jsonfile",
        "universalify"
      ]
    },
    "fs.realpath@1.0.0": {
      "integrity": "sha512-OO0pH2lK6a0hZnAdau5ItzHPI6pUlvI7jMVnxUQRtw4owF2wk8lOSabtGDCTP4Ggrg2MbGnWO9X8K1t4+fGMDw=="
    },
    "function-bind@1.1.2": {
      "integrity": "sha512-7XHNxH7qX9xG5mIwxkhumTox/MIRNcOgDrxWsMt2pAr23WHp6MrRlN7FBSFpCpr+oVO0F744iUgR82nJMfG2SA=="
    },
    "get-value@2.0.6": {
      "integrity": "sha512-Ln0UQDlxH1BapMu3GPtf7CuYNwRZf2gwCuPqbyG6pB8WfmFpzqcy4xtAaAMUhnNqjMKTiCPZG2oMT3YSx8U2NA=="
    },
    "glob-parent@3.1.0": {
      "integrity": "sha512-E8Ak/2+dZY6fnzlR7+ueWvhsH1SjHr4jjss4YS/h4py44jY9MhK/VFdaZJAWDz6BbL21KeteKxFSFpq8OS5gVA==",
      "dependencies": [
        "is-glob@3.1.0",
        "path-dirname"
      ]
    },
    "glob-to-regexp@0.3.0": {
      "integrity": "sha512-Iozmtbqv0noj0uDDqoL0zNq0VBEfK2YFoMAZoxJe4cwphvLR+JskfF30QhXHOR4m3KrE6NLRYw+U9MRXvifyig=="
    },
    "glob@7.2.3": {
      "integrity": "sha512-nFR0zLpU2YCaRxwoCJvL6UvCH2JFyFVIvwTLsIf21AuHlMskA1hhTdk+LlYJtOlYt9v6dvszD2BGRqBL+iQK9Q==",
      "dependencies": [
        "fs.realpath",
        "inflight",
        "inherits",
        "minimatch",
        "once",
        "path-is-absolute"
      ]
    },
    "globby@8.0.2": {
      "integrity": "sha512-yTzMmKygLp8RUpG1Ymu2VXPSJQZjNAZPD4ywgYEaG7e4tBJeUQBO8OpXrf1RCNcEs5alsoJYPAMiIHP0cmeC7w==",
      "dependencies": [
        "array-union",
        "dir-glob",
        "fast-glob",
        "glob",
        "ignore",
        "pify",
        "slash"
      ]
    },
    "graceful-fs@4.2.11": {
      "integrity": "sha512-RbJ5/jmFcNNCcDV5o9eTnBLJ/HszWV0P73bc+Ff4nS/rJj+YaS6IGyiOL0VoBYX+l1Wrl3k63h/KrH+nhJ0XvQ=="
    },
    "has-value@0.3.1": {
      "integrity": "sha512-gpG936j8/MzaeID5Yif+577c17TxaDmhuyVgSwtnL/q8UUTySg8Mecb+8Cf1otgLoD7DDH75axp86ER7LFsf3Q==",
      "dependencies": [
        "get-value",
        "has-values@0.1.4",
        "isobject@2.1.0"
      ]
    },
    "has-value@1.0.0": {
      "integrity": "sha512-IBXk4GTsLYdQ7Rvt+GRBrFSVEkmuOUy4re0Xjd9kJSUQpnTrWR4/y9RpfexN9vkAPMFuQoeWKwqzPozRTlasGw==",
      "dependencies": [
        "get-value",
        "has-values@1.0.0",
        "isobject@3.0.1"
      ]
    },
    "has-values@0.1.4": {
      "integrity": "sha512-J8S0cEdWuQbqD9//tlZxiMuMNmxB8PlEwvYwuxsTmR1G5RXUePEX/SJn7aD0GMLieuZYSwNH0cQuJGwnYunXRQ=="
    },
    "has-values@1.0.0": {
      "integrity": "sha512-ODYZC64uqzmtfGMEAX/FvZiRyWLpAC3vYnNunURUnkGVTS+mI0smVsWaPydRBsE3g+ok7h960jChO8mFcWlHaQ==",
      "dependencies": [
        "is-number",
        "kind-of@4.0.0"
      ]
    },
    "hasown@2.0.2": {
      "integrity": "sha512-0hJU9SCPvmMzIBdZFqNPXWa6dqh7WdH0cII9y+CyS8rG3nL48Bclra9HmKhVVUHyPWNH5Y7xDwAB7bfgSjkUMQ==",
      "dependencies": [
        "function-bind"
      ]
    },
    "ignore@3.3.10": {
      "integrity": "sha512-Pgs951kaMm5GXP7MOvxERINe3gsaVjUWFm+UZPSq9xYriQAksyhg0csnS0KXSNRD5NmNdapXEpjxG49+AKh/ug=="
    },
    "inflight@1.0.6": {
      "integrity": "sha512-k92I/b08q4wvFscXCLvqfsHCrjrF7yiXsQuIVvVE7N82W3+aqpzuUdBbfhWcy/FZR3/4IgflMgKLOsvPDrGCJA==",
      "dependencies": [
        "once",
        "wrappy"
      ]
    },
    "inherits@2.0.4": {
      "integrity": "sha512-k/vGaX4/Yla3WzyMCvTQOXYeIHvqOKtnqBduzTHpzpQZzAskKMhZ2K+EnBiSM9zGSoIFeMpXKxa4dYeZIQqewQ=="
    },
    "is-absolute@1.0.0": {
      "integrity": "sha512-dOWoqflvcydARa360Gvv18DZ/gRuHKi2NU/wU5X1ZFzdYfH29nkiNZsF3mp4OJ3H4yo9Mx8A/uAGNzpzPN3yBA==",
      "dependencies": [
        "is-relative",
        "is-windows"
      ]
    },
    "is-accessor-descriptor@1.0.1": {
      "integrity": "sha512-YBUanLI8Yoihw923YeFUS5fs0fF2f5TSFTNiYAAzhhDscDa3lEqYuz1pDOEP5KvX94I9ey3vsqjJcLVFVU+3QA==",
      "dependencies": [
        "hasown"
      ]
    },
    "is-buffer@1.1.6": {
      "integrity": "sha512-NcdALwpXkTm5Zvvbk7owOUSvVvBKDgKP5/ewfXEznmQFfs4ZRmanOeKBTjRVjka3QFoN6XJ+9F3USqfHqTaU5w=="
    },
    "is-data-descriptor@1.0.1": {
      "integrity": "sha512-bc4NlCDiCr28U4aEsQ3Qs2491gVq4V8G7MQyws968ImqjKuYtTJXrl7Vq7jsN7Ly/C3xj5KWFrY7sHNeDkAzXw==",
      "dependencies": [
        "hasown"
      ]
    },
    "is-descriptor@0.1.7": {
      "integrity": "sha512-C3grZTvObeN1xud4cRWl366OMXZTj0+HGyk4hvfpx4ZHt1Pb60ANSXqCK7pdOTeUQpRzECBSTphqvD7U+l22Eg==",
      "dependencies": [
        "is-accessor-descriptor",
        "is-data-descriptor"
      ]
    },
    "is-descriptor@1.0.3": {
      "integrity": "sha512-JCNNGbwWZEVaSPtS45mdtrneRWJFp07LLmykxeFV5F6oBvNF8vHSfJuJgoT472pSfk+Mf8VnlrspaFBHWM8JAw==",
      "dependencies": [
        "is-accessor-descriptor",
        "is-data-descriptor"
      ]
    },
    "is-extendable@0.1.1": {
      "integrity": "sha512-5BMULNob1vgFX6EjQw5izWDxrecWK9AM72rugNr0TFldMOi0fj6Jk+zeKIt0xGj4cEfQIJth4w3OKWOJ4f+AFw=="
    },
    "is-extendable@1.0.1": {
      "integrity": "sha512-arnXMxT1hhoKo9k1LZdmlNyJdDDfy2v0fXjFlmok4+i8ul/6WlbVge9bhM74OpNPQPMGUToDtz+KXa1PneJxOA==",
      "dependencies": [
        "is-plain-object"
      ]
    },
    "is-extglob@2.1.1": {
      "integrity": "sha512-SbKbANkN603Vi4jEZv49LeVJMn4yGwsbzZworEoyEiutsN3nJYdbO36zfhGJ6QEDpOZIFkDtnq5JRxmvl3jsoQ=="
    },
    "is-glob@3.1.0": {
      "integrity": "sha512-UFpDDrPgM6qpnFNI+rh/p3bUaq9hKLZN8bMUWzxmcnZVS3omf4IPK+BrewlnWjO1WmUsMYuSjKh4UJuV4+Lqmw==",
      "dependencies": [
        "is-extglob"
      ]
    },
    "is-glob@4.0.3": {
      "integrity": "sha512-xelSayHH36ZgE7ZWhli7pW34hNbNl8Ojv5KVmkJD4hBdD3th8Tfk9vYasLM+mXWOZhFkgZfxhLSnrwRr4elSSg==",
      "dependencies": [
        "is-extglob"
      ]
    },
    "is-negated-glob@1.0.0": {
      "integrity": "sha512-czXVVn/QEmgvej1f50BZ648vUI+em0xqMq2Sn+QncCLN4zj1UAxlT+kw/6ggQTOaZPd1HqKQGEqbpQVtJucWug=="
    },
    "is-number@3.0.0": {
      "integrity": "sha512-4cboCqIpliH+mAvFNegjZQ4kgKc3ZUhQVr3HvWbSh5q3WH2v82ct+T2Y1hdU5Gdtorx/cLifQjqCbL7bpznLTg==",
      "dependencies": [
        "kind-of@3.2.2"
      ]
    },
    "is-plain-object@2.0.4": {
      "integrity": "sha512-h5PpgXkWitc38BBMYawTYMWJHFZJVnBquFE57xFpjB8pJFiF6gZ+bU+WyI/yqXiFR5mdLsgYNaPe8uao6Uv9Og==",
      "dependencies": [
        "isobject@3.0.1"
      ]
    },
    "is-relative@1.0.0": {
      "integrity": "sha512-Kw/ReK0iqwKeu0MITLFuj0jbPAmEiOsIwyIXvvbfa6QfmN9pkD1M+8pdk7Rl/dTKbH34/XBFMbgD4iMJhLQbGA==",
      "dependencies": [
        "is-unc-path"
      ]
    },
    "is-unc-path@1.0.0": {
      "integrity": "sha512-mrGpVd0fs7WWLfVsStvgF6iEJnbjDFZh9/emhRDcGWTduTfNHd9CHeUwH3gYIjdbwo4On6hunkztwOaAw0yllQ==",
      "dependencies": [
        "unc-path-regex"
      ]
    },
    "is-windows@1.0.2": {
      "integrity": "sha512-eXK1UInq2bPmjyX6e3VHIzMLobc4J94i4AWn+Hpq3OU5KkrRC96OAcR3PRJ/pGu6m8TRnBHP9dkXQVsT/COVIA=="
    },
    "isarray@1.0.0": {
      "integrity": "sha512-VLghIWNM6ELQzo7zwmcg0NmTVyWKYjvIeM83yjp0wRDTmUnrM678fQbcKBo6n2CJEF0szoG//ytg+TKla89ALQ=="
    },
    "isobject@2.1.0": {
      "integrity": "sha512-+OUdGJlgjOBZDfxnDjYYG6zp487z0JGNQq3cYQYg5f5hKR+syHMsaztzGeml/4kGG55CSpKSpWTY+jYGgsHLgA==",
      "dependencies": [
        "isarray"
      ]
    },
    "isobject@3.0.1": {
      "integrity": "sha512-WhB9zCku7EGTj/HQQRz5aUQEUeoQZH2bWcltRErOpymJ4boYE6wL9Tbr23krRPSZ+C5zqNSrSw+Cc7sZZ4b7vg=="
    },
    "jsonfile@4.0.0": {
      "integrity": "sha512-m6F1R3z8jjlf2imQHS2Qez5sjKWQzbuuhuJ/FKYFRZvPE3PuHcSMVZzfsLhGVOkfd20obL5SWEBew5ShlquNxg==",
      "dependencies": [
        "graceful-fs"
      ]
    },
    "kind-of@3.2.2": {
      "integrity": "sha512-NOW9QQXMoZGg/oqnVNoNTTIFEIid1627WCffUBJEdMxYApq7mNE7CpzucIPc+ZQg25Phej7IJSmX3hO+oblOtQ==",
      "dependencies": [
        "is-buffer"
      ]
    },
    "kind-of@4.0.0": {
      "integrity": "sha512-24XsCxmEbRwEDbz/qz3stgin8TTzZ1ESR56OMCN0ujYg+vRutNSiOj9bHH9u85DKgXguraugV5sFuvbD4FW/hw==",
      "dependencies": [
        "is-buffer"
      ]
    },
    "kind-of@6.0.3": {
      "integrity": "sha512-dcS1ul+9tmeD95T+x28/ehLgd9mENa3LsvDTtzm3vyBEO7RPptvAD+t44WVXaUjTBRcrpFeFlC8WCruUR456hw=="
    },
    "map-cache@0.2.2": {
      "integrity": "sha512-8y/eV9QQZCiyn1SprXSrCmqJN0yNRATe+PO8ztwqrvrbdRLA3eYJF0yaR0YayLWkMbsQSKWS9N2gPcGEc4UsZg=="
    },
    "map-visit@1.0.0": {
      "integrity": "sha512-4y7uGv8bd2WdM9vpQsiQNo41Ln1NvhvDRuVt0k2JZQ+ezN2uaQes7lZeZ+QQUHOLQAtDaBJ+7wCbi+ab/KFs+w==",
      "dependencies": [
        "object-visit"
      ]
    },
    "merge2@1.4.1": {
      "integrity": "sha512-8q7VEgMJW4J8tcfVPy8g09NcQwZdbwFEqhe/WZkoIzjn/3TGDwtOCYtXGxA3O8tPzpczCCDgv+P2P5y00ZJOOg=="
    },
    "micromatch@3.1.10": {
      "integrity": "sha512-MWikgl9n9M3w+bpsY3He8L+w9eF9338xRl8IAO5viDizwSzziFEyUzo2xrrloB64ADbTf8uA8vRqqttDTOmccg==",
      "dependencies": [
        "arr-diff",
        "array-unique",
        "braces",
        "define-property@2.0.2",
        "extend-shallow@3.0.2",
        "extglob",
        "fragment-cache",
        "kind-of@6.0.3",
        "nanomatch",
        "object.pick",
        "regex-not",
        "snapdragon",
        "to-regex"
      ]
    },
    "minimatch@3.1.2": {
      "integrity": "sha512-J7p63hRiAjw1NDEww1W7i37+ByIrOWO5XQQAzZ3VOcL0PNybwpfmV/N05zFAzwQ9USyEcX6t3UO+K5aqBQOIHw==",
      "dependencies": [
        "brace-expansion"
      ]
    },
    "mixin-deep@1.3.2": {
      "integrity": "sha512-WRoDn//mXBiJ1H40rqa3vH0toePwSsGb45iInWlTySa+Uu4k3tYUSxa2v1KqAiLtvlrSzaExqS1gtk96A9zvEA==",
      "dependencies": [
        "for-in",
        "is-extendable@1.0.1"
      ]
    },
    "ms@2.0.0": {
      "integrity": "sha512-Tpp60P6IUJDTuOq/5Z8cdskzJujfwqfOTkrwIwj7IRISpnkJnT6SyJ4PCPnGMoFjC9ddhal5KVIYtAt97ix05A=="
    },
    "multimatch@2.1.0": {
      "integrity": "sha512-0mzK8ymiWdehTBiJh0vClAzGyQbdtyWqzSVx//EK4N/D+599RFlGfTAsKw2zMSABtDG9C6Ul2+t8f2Lbdjf5mA==",
      "dependencies": [
        "array-differ",
        "array-union",
        "arrify",
        "minimatch"
      ]
    },
    "nanomatch@1.2.13": {
      "integrity": "sha512-fpoe2T0RbHwBTBUOftAfBPaDEi06ufaUai0mE6Yn1kacc3SnTErfb/h+X94VXzI64rKFHYImXSvdwGGCmwOqCA==",
      "dependencies": [
        "arr-diff",
        "array-unique",
        "define-property@2.0.2",
        "extend-shallow@3.0.2",
        "fragment-cache",
        "is-windows",
        "kind-of@6.0.3",
        "object.pick",
        "regex-not",
        "snapdragon",
        "to-regex"
      ]
    },
    "object-copy@0.1.0": {
      "integrity": "sha512-79LYn6VAb63zgtmAteVOWo9Vdj71ZVBy3Pbse+VqxDpEP83XuujMrGqHIwAXJ5I/aM0zU7dIyIAhifVTPrNItQ==",
      "dependencies": [
        "copy-descriptor",
        "define-property@0.2.5",
        "kind-of@3.2.2"
      ]
    },
    "object-visit@1.0.1": {
      "integrity": "sha512-GBaMwwAVK9qbQN3Scdo0OyvgPW7l3lnaVMj84uTOZlswkX0KpF6fyDBJhtTthf7pymztoN36/KEr1DyhF96zEA==",
      "dependencies": [
        "isobject@3.0.1"
      ]
    },
    "object.pick@1.3.0": {
      "integrity": "sha512-tqa/UMy/CCoYmj+H5qc07qvSL9dqcs/WZENZ1JbtWBlATP+iVOe778gE6MSijnyCnORzDuX6hU+LA4SZ09YjFQ==",
      "dependencies": [
        "isobject@3.0.1"
      ]
    },
    "once@1.4.0": {
      "integrity": "sha512-lNaJgI+2Q5URQBkccEKHTQOPaXdUxnZZElQTZY0MFUAuaEqe1E+Nyvgdz/aIyNi6Z9MzO5dv1H8n58/GELp3+w==",
      "dependencies": [
        "wrappy"
      ]
    },
    "pascalcase@0.1.1": {
      "integrity": "sha512-XHXfu/yOQRy9vYOtUDVMN60OEJjW013GoObG1o+xwQTpB9eYJX/BjXMsdW13ZDPruFhYYn0AG22w0xgQMwl3Nw=="
    },
    "path-dirname@1.0.2": {
      "integrity": "sha512-ALzNPpyNq9AqXMBjeymIjFDAkAFH06mHJH/cSBHAgU0s4vfpBn6b2nf8tiRLvagKD8RbTpq2FKTBg7cl9l3c7Q=="
    },
    "path-is-absolute@1.0.1": {
      "integrity": "sha512-AVbw3UJ2e9bq64vSaS9Am0fje1Pa8pbGqTTsmXfaIiMpnr5DlDhfJOuLj9Sf95ZPVDAUerDfEk88MPmPe7UCQg=="
    },
    "path-type@3.0.0": {
      "integrity": "sha512-T2ZUsdZFHgA3u4e5PfPbjd7HDDpxPnQb5jN0SrDsjNSuVXHJqtwTnWqG0B1jZrgmJ/7lj1EmVIByWt1gxGkWvg==",
      "dependencies": [
        "pify"
      ]
    },
    "pify@3.0.0": {
      "integrity": "sha512-C3FsVNH1udSEX48gGX1xfvwTWfsYWj5U+8/uK15BGzIGrKoUpghX8hWZwa/OFnakBiiVNmBvemTJR5mcy7iPcg=="
    },
    "posix-character-classes@0.1.1": {
      "integrity": "sha512-xTgYBc3fuo7Yt7JbiuFxSYGToMoz8fLoE6TC9Wx1P/u+LfeThMOAqmuyECnlBaaJb+u1m9hHiXUEtwW4OzfUJg=="
    },
    "regex-not@1.0.2": {
      "integrity": "sha512-J6SDjUgDxQj5NusnOtdFxDwN/+HWykR8GELwctJ7mdqhcyy1xEc4SRFHUXvxTp661YaVKAjfRLZ9cCqS6tn32A==",
      "dependencies": [
        "extend-shallow@3.0.2",
        "safe-regex"
      ]
    },
    "repeat-element@1.1.4": {
      "integrity": "sha512-LFiNfRcSu7KK3evMyYOuCzv3L10TW7yC1G2/+StMjK8Y6Vqd2MG7r/Qjw4ghtuCOjFvlnms/iMmLqpvW/ES/WQ=="
    },
    "repeat-string@1.6.1": {
      "integrity": "sha512-PV0dzCYDNfRi1jCDbJzpW7jNNDRuCOG/jI5ctQcGKt/clZD+YcPS3yIlWuTJMmESC8aevCFmWJy5wjAFgNqN6w=="
    },
    "resolve-url@0.2.1": {
      "integrity": "sha512-ZuF55hVUQaaczgOIwqWzkEcEidmlD/xl44x1UZnhOXcYuFN2S6+rcxpG+C1N3So0wvNI3DmJICUFfu2SxhBmvg=="
    },
    "ret@0.1.15": {
      "integrity": "sha512-TTlYpa+OL+vMMNG24xSlQGEJ3B/RzEfUlLct7b5G/ytav+wPrplCpVMFuwzXbkecJrb6IYo1iFb0S9v37754mg=="
    },
    "safe-regex@1.1.0": {
      "integrity": "sha512-aJXcif4xnaNUzvUuC5gcb46oTS7zvg4jpMTnuqtrEPlR3vFr4pxtdTwaF1Qs3Enjn9HK+ZlwQui+a7z0SywIzg==",
      "dependencies": [
        "ret"
      ]
    },
    "set-value@2.0.1": {
      "integrity": "sha512-JxHc1weCN68wRY0fhCoXpyK55m/XPHafOmK4UWD7m2CI14GMcFypt4w/0+NV5f/ZMby2F6S2wwA7fgynh9gWSw==",
      "dependencies": [
        "extend-shallow@2.0.1",
        "is-extendable@0.1.1",
        "is-plain-object",
        "split-string"
      ]
    },
    "slash@1.0.0": {
      "integrity": "sha512-3TYDR7xWt4dIqV2JauJr+EJeW356RXijHeUlO+8djJ+uBXPn8/2dpzBc8yQhh583sVvc9CvFAeQVgijsH+PNNg=="
    },
    "snapdragon-node@2.1.1": {
      "integrity": "sha512-O27l4xaMYt/RSQ5TR3vpWCAB5Kb/czIcqUFOM/C4fYcLnbZUc1PkjTAMjof2pBWaSTwOUd6qUHcFGVGj7aIwnw==",
      "dependencies": [
        "define-property@1.0.0",
        "isobject@3.0.1",
        "snapdragon-util"
      ]
    },
    "snapdragon-util@3.0.1": {
      "integrity": "sha512-mbKkMdQKsjX4BAL4bRYTj21edOf8cN7XHdYUJEe+Zn99hVEYcMvKPct1IqNe7+AZPirn8BCDOQBHQZknqmKlZQ==",
      "dependencies": [
        "kind-of@3.2.2"
      ]
    },
    "snapdragon@0.8.2": {
      "integrity": "sha512-FtyOnWN/wCHTVXOMwvSv26d+ko5vWlIDD6zoUJ7LW8vh+ZBC8QdljveRP+crNrtBwioEUWy/4dMtbBjA4ioNlg==",
      "dependencies": [
        "base",
        "debug",
        "define-property@0.2.5",
        "extend-shallow@2.0.1",
        "map-cache",
        "source-map",
        "source-map-resolve",
        "use"
      ]
    },
    "source-map-resolve@0.5.3": {
      "integrity": "sha512-Htz+RnsXWk5+P2slx5Jh3Q66vhQj1Cllm0zvnaY98+NFx+Dv2CF/f5O/t8x+KaNdrdIAsruNzoh/KpialbqAnw==",
      "dependencies": [
        "atob",
        "decode-uri-component",
        "resolve-url",
        "source-map-url",
        "urix"
      ]
    },
    "source-map-url@0.4.1": {
      "integrity": "sha512-cPiFOTLUKvJFIg4SKVScy4ilPPW6rFgMgfuZJPNoDuMs3nC1HbMUycBoJw77xFIp6z1UJQJOfx6C9GMH80DiTw=="
    },
    "source-map@0.5.7": {
      "integrity": "sha512-LbrmJOMUSdEVxIKvdcJzQC+nQhe8FUZQTXQy6+I75skNgn3OoQ0DZA8YnFa7gp8tqtL3KPf1kmo0R5DoApeSGQ=="
    },
    "split-string@3.1.0": {
      "integrity": "sha512-NzNVhJDYpwceVVii8/Hu6DKfD2G+NrQHlS/V/qgv763EYudVwEcMQNxd2lh+0VrUByXN/oJkl5grOhYWvQUYiw==",
      "dependencies": [
        "extend-shallow@3.0.2"
      ]
    },
    "static-extend@0.1.2": {
      "integrity": "sha512-72E9+uLc27Mt718pMHt9VMNiAL4LMsmDbBva8mxWUCkT07fSzEGMYUCk0XWY6lp0j6RBAG4cJ3mWuZv2OE3s0g==",
      "dependencies": [
        "define-property@0.2.5",
        "object-copy"
      ]
    },
    "to-object-path@0.3.0": {
      "integrity": "sha512-9mWHdnGRuh3onocaHzukyvCZhzvr6tiflAy/JRFXcJX0TjgfWA9pk9t8CMbzmBE4Jfw58pXbkngtBtqYxzNEyg==",
      "dependencies": [
        "kind-of@3.2.2"
      ]
    },
    "to-regex-range@2.1.1": {
      "integrity": "sha512-ZZWNfCjUokXXDGXFpZehJIkZqq91BcULFq/Pi7M5i4JnxXdhMKAK682z8bCW3o8Hj1wuuzoKcW3DfVzaP6VuNg==",
      "dependencies": [
        "is-number",
        "repeat-string"
      ]
    },
    "to-regex@3.0.2": {
      "integrity": "sha512-FWtleNAtZ/Ki2qtqej2CXTOayOH9bHDQF+Q48VpWyDXjbYxA4Yz8iDB31zXOBUlOHHKidDbqGVrTUvQMPmBGBw==",
      "dependencies": [
        "define-property@2.0.2",
        "extend-shallow@3.0.2",
        "regex-not",
        "safe-regex"
      ]
    },
    "ts-morph@1.3.5": {
      "integrity": "sha512-GvndIxlv8Bwv8AS3HZmLdl+84KAc7foXgiW6TKXJeESN00PAmosj/G/XO9TDb2m5UJ9616OlC1oVlm3HjuzeGg==",
      "dependencies": [
        "@dsherret/to-absolute-glob",
        "code-block-writer",
        "fs-extra",
        "glob-parent",
        "globby",
        "is-negated-glob",
        "multimatch",
        "tslib",
        "typescript"
      ]
    },
    "tslib@1.14.1": {
      "integrity": "sha512-Xni35NKzjgMrwevysHTCArtLDpPvye8zV/0E4EyYn43P7/7qvQwPh9BGkHewbMulVntbigmcT7rdX3BNo9wRJg=="
    },
    "typescript@3.5.3": {
      "integrity": "sha512-ACzBtm/PhXBDId6a6sDJfroT2pOWt/oOnk4/dElG5G33ZL776N3Y6/6bKZJBFpd+b05F3Ct9qDjMeJmRWtE2/g=="
    },
    "unc-path-regex@0.1.2": {
      "integrity": "sha512-eXL4nmJT7oCpkZsHZUOJo8hcX3GbsiDOa0Qu9F646fi8dT3XuSVopVqAcEiVzSKKH7UoDti23wNX3qGFxcW5Qg=="
    },
    "union-value@1.0.1": {
      "integrity": "sha512-tJfXmxMeWYnczCVs7XAEvIV7ieppALdyepWMkHkwciRpZraG/xwT+s2JN8+pr1+8jCRf80FFzvr+MpQeeoF4Xg==",
      "dependencies": [
        "arr-union",
        "get-value",
        "is-extendable@0.1.1",
        "set-value"
      ]
    },
    "universalify@0.1.2": {
      "integrity": "sha512-rBJeI5CXAlmy1pV+617WB9J63U6XcazHHF2f2dbJix4XzpUF0RS3Zbj0FGIOCAva5P/d/GBOYaACQ1w+0azUkg=="
    },
    "unset-value@1.0.0": {
      "integrity": "sha512-PcA2tsuGSF9cnySLHTLSh2qrQiJ70mn+r+Glzxv2TWZblxsxCC52BDlZoPCsz7STd9pN7EZetkWZBAvk4cgZdQ==",
      "dependencies": [
        "has-value@0.3.1",
        "isobject@3.0.1"
      ]
    },
    "urix@0.1.0": {
      "integrity": "sha512-Am1ousAhSLBeB9cG/7k7r2R0zj50uDRlZHPGbazid5s9rlF1F/QKYObEKSIunSjIOkJZqwRRLpvewjEkM7pSqg=="
    },
    "use@3.1.1": {
      "integrity": "sha512-cwESVXlO3url9YWlFW/TA9cshCEhtu7IKJ/p5soJ/gGpj7vbvFrAY/eIioQ6Dw23KjZhYgiIo8HOs1nQ2vr/oQ=="
    },
    "wrappy@1.0.2": {
      "integrity": "sha512-l4Sp/DRseor9wL6EvV2+TuQn63dMkPjZ/sp9XkghTEbV9KlPS1xUsZ3u7/IQO4wxtcFB4bgpQPRcR3QCvezPcQ=="
    }
  },
  "workspace": {
    "dependencies": [
      "jsr:@deno-kit/kit@0",
      "jsr:@deno-kit/module-to-cli@0",
      "jsr:@std/assert@1",
      "jsr:@std/cli@1",
      "jsr:@std/dotenv@0",
      "jsr:@std/fmt@1",
      "jsr:@std/fs@1",
      "jsr:@std/jsonc@1",
      "jsr:@std/net@1",
      "jsr:@std/path@1",
      "jsr:@std/testing@1",
      "npm:@opentelemetry/api-logs@0",
      "npm:@opentelemetry/api@1",
      "npm:@opentelemetry/resources@1",
      "npm:@opentelemetry/sdk-logs@0",
      "npm:@opentelemetry/sdk-trace-base@1",
      "npm:@opentelemetry/semantic-conventions@1"
    ]
  }
}
